
Microsoft Visual Studio Solution File, Format Version 12.00
# Visual Studio Version 16
VisualStudioVersion = 16.0.29609.76
MinimumVisualStudioVersion = 10.0.40219.1
Project("{9A19103F-16F7-4668-BE54-9A1E7A4F7556}") = "RentACar.WebAPI", "Rent_a_Car.WebAPI\RentACar.WebAPI.csproj", "{CDE41DB3-322C-40A5-9C09-CE9966A403E4}"
EndProject
Project("{9A19103F-16F7-4668-BE54-9A1E7A4F7556}") = "RentaCar.Data", "RentaCar.Data\RentaCar.Data.csproj", "{2C5B3E7E-8457-4A4A-BD89-F79E934A7B2C}"
EndProject
Project("{2150E333-8FDC-42A3-9474-1A3956D46DE8}") = "UI", "UI", "{55485DA1-CACD-44FC-8AD8-FDE070FC9418}"
EndProject
Project("{FAE04EC0-301F-11D3-BF4B-00C04F79EFBC}") = "RentACar.WinUI", "RentACar.WinUI\RentACar.WinUI.csproj", "{43C76097-F4F1-4FB2-802F-BD363595FA81}"
EndProject
Project("{2150E333-8FDC-42A3-9474-1A3956D46DE8}") = "UI.Mobile", "UI.Mobile", "{738600A8-09CC-457E-9F5D-9E72D3958584}"
EndProject
Project("{FAE04EC0-301F-11D3-BF4B-00C04F79EFBC}") = "RentACar.Mobile.UWP", "RentACar.Mobile\RentACar.Mobile.UWP\RentACar.Mobile.UWP.csproj", "{9CBBAFF5-B4D7-455C-B6AB-E73B912781FD}"
EndProject
Project("{FAE04EC0-301F-11D3-BF4B-00C04F79EFBC}") = "RentACar.Mobile.Android", "RentACar.Mobile\RentACar.Mobile.Android\RentACar.Mobile.Android.csproj", "{17958055-EDDB-4963-9344-A4CCC5661AFE}"
EndProject
Project("{FAE04EC0-301F-11D3-BF4B-00C04F79EFBC}") = "RentACar.Mobile.iOS", "RentACar.Mobile\RentACar.Mobile.iOS\RentACar.Mobile.iOS.csproj", "{E87D737D-1C71-4FCC-93E8-5A0231B806A1}"
EndProject
Project("{9A19103F-16F7-4668-BE54-9A1E7A4F7556}") = "RentACar.Mobile", "RentACar.Mobile\RentACar.Mobile\RentACar.Mobile.csproj", "{89E2EE57-DD94-4DEC-A2CE-2A45F19E3859}"
EndProject
Project("{FAE04EC0-301F-11D3-BF4B-00C04F79EFBC}") = "RentCar.Tests", "RentCar.Tests\RentCar.Tests.csproj", "{8ECEFA9C-8E77-4345-8740-336B42763B63}"
EndProject
Global
	GlobalSection(SolutionConfigurationPlatforms) = preSolution
		Debug|Any CPU = Debug|Any CPU
		Debug|ARM = Debug|ARM
		Debug|iPhone = Debug|iPhone
		Debug|iPhoneSimulator = Debug|iPhoneSimulator
		Debug|x64 = Debug|x64
		Debug|x86 = Debug|x86
		Release|Any CPU = Release|Any CPU
		Release|ARM = Release|ARM
		Release|iPhone = Release|iPhone
		Release|iPhoneSimulator = Release|iPhoneSimulator
		Release|x64 = Release|x64
		Release|x86 = Release|x86
	EndGlobalSection
	GlobalSection(ProjectConfigurationPlatforms) = postSolution
		{CDE41DB3-322C-40A5-9C09-CE9966A403E4}.Debug|Any CPU.ActiveCfg = Debug|Any CPU
		{CDE41DB3-322C-40A5-9C09-CE9966A403E4}.Debug|Any CPU.Build.0 = Debug|Any CPU
		{CDE41DB3-322C-40A5-9C09-CE9966A403E4}.Debug|ARM.ActiveCfg = Debug|Any CPU
		{CDE41DB3-322C-40A5-9C09-CE9966A403E4}.Debug|ARM.Build.0 = Debug|Any CPU
		{CDE41DB3-322C-40A5-9C09-CE9966A403E4}.Debug|iPhone.ActiveCfg = Debug|Any CPU
		{CDE41DB3-322C-40A5-9C09-CE9966A403E4}.Debug|iPhone.Build.0 = Debug|Any CPU
		{CDE41DB3-322C-40A5-9C09-CE9966A403E4}.Debug|iPhoneSimulator.ActiveCfg = Debug|Any CPU
		{CDE41DB3-322C-40A5-9C09-CE9966A403E4}.Debug|iPhoneSimulator.Build.0 = Debug|Any CPU
		{CDE41DB3-322C-40A5-9C09-CE9966A403E4}.Debug|x64.ActiveCfg = Debug|Any CPU
		{CDE41DB3-322C-40A5-9C09-CE9966A403E4}.Debug|x64.Build.0 = Debug|Any CPU
		{CDE41DB3-322C-40A5-9C09-CE9966A403E4}.Debug|x86.ActiveCfg = Debug|Any CPU
		{CDE41DB3-322C-40A5-9C09-CE9966A403E4}.Debug|x86.Build.0 = Debug|Any CPU
		{CDE41DB3-322C-40A5-9C09-CE9966A403E4}.Release|Any CPU.ActiveCfg = Release|Any CPU
		{CDE41DB3-322C-40A5-9C09-CE9966A403E4}.Release|Any CPU.Build.0 = Release|Any CPU
		{CDE41DB3-322C-40A5-9C09-CE9966A403E4}.Release|ARM.ActiveCfg = Release|Any CPU
		{CDE41DB3-322C-40A5-9C09-CE9966A403E4}.Release|ARM.Build.0 = Release|Any CPU
		{CDE41DB3-322C-40A5-9C09-CE9966A403E4}.Release|iPhone.ActiveCfg = Release|Any CPU
		{CDE41DB3-322C-40A5-9C09-CE9966A403E4}.Release|iPhone.Build.0 = Release|Any CPU
		{CDE41DB3-322C-40A5-9C09-CE9966A403E4}.Release|iPhoneSimulator.ActiveCfg = Release|Any CPU
		{CDE41DB3-322C-40A5-9C09-CE9966A403E4}.Release|iPhoneSimulator.Build.0 = Release|Any CPU
		{CDE41DB3-322C-40A5-9C09-CE9966A403E4}.Release|x64.ActiveCfg = Release|Any CPU
		{CDE41DB3-322C-40A5-9C09-CE9966A403E4}.Release|x64.Build.0 = Release|Any CPU
		{CDE41DB3-322C-40A5-9C09-CE9966A403E4}.Release|x86.ActiveCfg = Release|Any CPU
		{CDE41DB3-322C-40A5-9C09-CE9966A403E4}.Release|x86.Build.0 = Release|Any CPU
		{2C5B3E7E-8457-4A4A-BD89-F79E934A7B2C}.Debug|Any CPU.ActiveCfg = Debug|Any CPU
		{2C5B3E7E-8457-4A4A-BD89-F79E934A7B2C}.Debug|Any CPU.Build.0 = Debug|Any CPU
		{2C5B3E7E-8457-4A4A-BD89-F79E934A7B2C}.Debug|ARM.ActiveCfg = Debug|Any CPU
		{2C5B3E7E-8457-4A4A-BD89-F79E934A7B2C}.Debug|ARM.Build.0 = Debug|Any CPU
		{2C5B3E7E-8457-4A4A-BD89-F79E934A7B2C}.Debug|iPhone.ActiveCfg = Debug|Any CPU
		{2C5B3E7E-8457-4A4A-BD89-F79E934A7B2C}.Debug|iPhone.Build.0 = Debug|Any CPU
		{2C5B3E7E-8457-4A4A-BD89-F79E934A7B2C}.Debug|iPhoneSimulator.ActiveCfg = Debug|Any CPU
		{2C5B3E7E-8457-4A4A-BD89-F79E934A7B2C}.Debug|iPhoneSimulator.Build.0 = Debug|Any CPU
		{2C5B3E7E-8457-4A4A-BD89-F79E934A7B2C}.Debug|x64.ActiveCfg = Debug|Any CPU
		{2C5B3E7E-8457-4A4A-BD89-F79E934A7B2C}.Debug|x64.Build.0 = Debug|Any CPU
		{2C5B3E7E-8457-4A4A-BD89-F79E934A7B2C}.Debug|x86.ActiveCfg = Debug|Any CPU
		{2C5B3E7E-8457-4A4A-BD89-F79E934A7B2C}.Debug|x86.Build.0 = Debug|Any CPU
		{2C5B3E7E-8457-4A4A-BD89-F79E934A7B2C}.Release|Any CPU.ActiveCfg = Release|Any CPU
		{2C5B3E7E-8457-4A4A-BD89-F79E934A7B2C}.Release|Any CPU.Build.0 = Release|Any CPU
		{2C5B3E7E-8457-4A4A-BD89-F79E934A7B2C}.Release|ARM.ActiveCfg = Release|Any CPU
		{2C5B3E7E-8457-4A4A-BD89-F79E934A7B2C}.Release|ARM.Build.0 = Release|Any CPU
		{2C5B3E7E-8457-4A4A-BD89-F79E934A7B2C}.Release|iPhone.ActiveCfg = Release|Any CPU
		{2C5B3E7E-8457-4A4A-BD89-F79E934A7B2C}.Release|iPhone.Build.0 = Release|Any CPU
		{2C5B3E7E-8457-4A4A-BD89-F79E934A7B2C}.Release|iPhoneSimulator.ActiveCfg = Release|Any CPU
		{2C5B3E7E-8457-4A4A-BD89-F79E934A7B2C}.Release|iPhoneSimulator.Build.0 = Release|Any CPU
		{2C5B3E7E-8457-4A4A-BD89-F79E934A7B2C}.Release|x64.ActiveCfg = Release|Any CPU
		{2C5B3E7E-8457-4A4A-BD89-F79E934A7B2C}.Release|x64.Build.0 = Release|Any CPU
		{2C5B3E7E-8457-4A4A-BD89-F79E934A7B2C}.Release|x86.ActiveCfg = Release|Any CPU
		{2C5B3E7E-8457-4A4A-BD89-F79E934A7B2C}.Release|x86.Build.0 = Release|Any CPU
		{43C76097-F4F1-4FB2-802F-BD363595FA81}.Debug|Any CPU.ActiveCfg = Debug|Any CPU
		{43C76097-F4F1-4FB2-802F-BD363595FA81}.Debug|Any CPU.Build.0 = Debug|Any CPU
		{43C76097-F4F1-4FB2-802F-BD363595FA81}.Debug|ARM.ActiveCfg = Debug|Any CPU
		{43C76097-F4F1-4FB2-802F-BD363595FA81}.Debug|ARM.Build.0 = Debug|Any CPU
		{43C76097-F4F1-4FB2-802F-BD363595FA81}.Debug|iPhone.ActiveCfg = Debug|Any CPU
		{43C76097-F4F1-4FB2-802F-BD363595FA81}.Debug|iPhone.Build.0 = Debug|Any CPU
		{43C76097-F4F1-4FB2-802F-BD363595FA81}.Debug|iPhoneSimulator.ActiveCfg = Debug|Any CPU
		{43C76097-F4F1-4FB2-802F-BD363595FA81}.Debug|iPhoneSimulator.Build.0 = Debug|Any CPU
		{43C76097-F4F1-4FB2-802F-BD363595FA81}.Debug|x64.ActiveCfg = Debug|Any CPU
		{43C76097-F4F1-4FB2-802F-BD363595FA81}.Debug|x64.Build.0 = Debug|Any CPU
		{43C76097-F4F1-4FB2-802F-BD363595FA81}.Debug|x86.ActiveCfg = Debug|Any CPU
		{43C76097-F4F1-4FB2-802F-BD363595FA81}.Debug|x86.Build.0 = Debug|Any CPU
		{43C76097-F4F1-4FB2-802F-BD363595FA81}.Release|Any CPU.ActiveCfg = Release|Any CPU
		{43C76097-F4F1-4FB2-802F-BD363595FA81}.Release|Any CPU.Build.0 = Release|Any CPU
		{43C76097-F4F1-4FB2-802F-BD363595FA81}.Release|ARM.ActiveCfg = Release|Any CPU
		{43C76097-F4F1-4FB2-802F-BD363595FA81}.Release|ARM.Build.0 = Release|Any CPU
		{43C76097-F4F1-4FB2-802F-BD363595FA81}.Release|iPhone.ActiveCfg = Release|Any CPU
		{43C76097-F4F1-4FB2-802F-BD363595FA81}.Release|iPhone.Build.0 = Release|Any CPU
		{43C76097-F4F1-4FB2-802F-BD363595FA81}.Release|iPhoneSimulator.ActiveCfg = Release|Any CPU
		{43C76097-F4F1-4FB2-802F-BD363595FA81}.Release|iPhoneSimulator.Build.0 = Release|Any CPU
		{43C76097-F4F1-4FB2-802F-BD363595FA81}.Release|x64.ActiveCfg = Release|Any CPU
		{43C76097-F4F1-4FB2-802F-BD363595FA81}.Release|x64.Build.0 = Release|Any CPU
		{43C76097-F4F1-4FB2-802F-BD363595FA81}.Release|x86.ActiveCfg = Release|Any CPU
		{43C76097-F4F1-4FB2-802F-BD363595FA81}.Release|x86.Build.0 = Release|Any CPU
		{9CBBAFF5-B4D7-455C-B6AB-E73B912781FD}.Debug|Any CPU.ActiveCfg = Debug|x86
		{9CBBAFF5-B4D7-455C-B6AB-E73B912781FD}.Debug|ARM.ActiveCfg = Debug|ARM
		{9CBBAFF5-B4D7-455C-B6AB-E73B912781FD}.Debug|ARM.Build.0 = Debug|ARM
		{9CBBAFF5-B4D7-455C-B6AB-E73B912781FD}.Debug|ARM.Deploy.0 = Debug|ARM
		{9CBBAFF5-B4D7-455C-B6AB-E73B912781FD}.Debug|iPhone.ActiveCfg = Debug|x86
		{9CBBAFF5-B4D7-455C-B6AB-E73B912781FD}.Debug|iPhoneSimulator.ActiveCfg = Debug|x86
		{9CBBAFF5-B4D7-455C-B6AB-E73B912781FD}.Debug|x64.ActiveCfg = Debug|x64
		{9CBBAFF5-B4D7-455C-B6AB-E73B912781FD}.Debug|x64.Build.0 = Debug|x64
		{9CBBAFF5-B4D7-455C-B6AB-E73B912781FD}.Debug|x64.Deploy.0 = Debug|x64
		{9CBBAFF5-B4D7-455C-B6AB-E73B912781FD}.Debug|x86.ActiveCfg = Debug|x86
		{9CBBAFF5-B4D7-455C-B6AB-E73B912781FD}.Debug|x86.Build.0 = Debug|x86
		{9CBBAFF5-B4D7-455C-B6AB-E73B912781FD}.Debug|x86.Deploy.0 = Debug|x86
		{9CBBAFF5-B4D7-455C-B6AB-E73B912781FD}.Release|Any CPU.ActiveCfg = Release|x86
		{9CBBAFF5-B4D7-455C-B6AB-E73B912781FD}.Release|ARM.ActiveCfg = Release|ARM
		{9CBBAFF5-B4D7-455C-B6AB-E73B912781FD}.Release|ARM.Build.0 = Release|ARM
		{9CBBAFF5-B4D7-455C-B6AB-E73B912781FD}.Release|ARM.Deploy.0 = Release|ARM
		{9CBBAFF5-B4D7-455C-B6AB-E73B912781FD}.Release|iPhone.ActiveCfg = Release|x86
		{9CBBAFF5-B4D7-455C-B6AB-E73B912781FD}.Release|iPhoneSimulator.ActiveCfg = Release|x86
		{9CBBAFF5-B4D7-455C-B6AB-E73B912781FD}.Release|x64.ActiveCfg = Release|x64
		{9CBBAFF5-B4D7-455C-B6AB-E73B912781FD}.Release|x64.Build.0 = Release|x64
		{9CBBAFF5-B4D7-455C-B6AB-E73B912781FD}.Release|x64.Deploy.0 = Release|x64
		{9CBBAFF5-B4D7-455C-B6AB-E73B912781FD}.Release|x86.ActiveCfg = Release|x86
		{9CBBAFF5-B4D7-455C-B6AB-E73B912781FD}.Release|x86.Build.0 = Release|x86
		{9CBBAFF5-B4D7-455C-B6AB-E73B912781FD}.Release|x86.Deploy.0 = Release|x86
		{17958055-EDDB-4963-9344-A4CCC5661AFE}.Debug|Any CPU.ActiveCfg = Debug|Any CPU
		{17958055-EDDB-4963-9344-A4CCC5661AFE}.Debug|Any CPU.Build.0 = Debug|Any CPU
		{17958055-EDDB-4963-9344-A4CCC5661AFE}.Debug|Any CPU.Deploy.0 = Debug|Any CPU
		{17958055-EDDB-4963-9344-A4CCC5661AFE}.Debug|ARM.ActiveCfg = Debug|Any CPU
		{17958055-EDDB-4963-9344-A4CCC5661AFE}.Debug|ARM.Build.0 = Debug|Any CPU
		{17958055-EDDB-4963-9344-A4CCC5661AFE}.Debug|ARM.Deploy.0 = Debug|Any CPU
		{17958055-EDDB-4963-9344-A4CCC5661AFE}.Debug|iPhone.ActiveCfg = Debug|Any CPU
		{17958055-EDDB-4963-9344-A4CCC5661AFE}.Debug|iPhone.Build.0 = Debug|Any CPU
		{17958055-EDDB-4963-9344-A4CCC5661AFE}.Debug|iPhone.Deploy.0 = Debug|Any CPU
		{17958055-EDDB-4963-9344-A4CCC5661AFE}.Debug|iPhoneSimulator.ActiveCfg = Debug|Any CPU
		{17958055-EDDB-4963-9344-A4CCC5661AFE}.Debug|iPhoneSimulator.Build.0 = Debug|Any CPU
		{17958055-EDDB-4963-9344-A4CCC5661AFE}.Debug|iPhoneSimulator.Deploy.0 = Debug|Any CPU
		{17958055-EDDB-4963-9344-A4CCC5661AFE}.Debug|x64.ActiveCfg = Debug|Any CPU
		{17958055-EDDB-4963-9344-A4CCC5661AFE}.Debug|x64.Build.0 = Debug|Any CPU
		{17958055-EDDB-4963-9344-A4CCC5661AFE}.Debug|x64.Deploy.0 = Debug|Any CPU
		{17958055-EDDB-4963-9344-A4CCC5661AFE}.Debug|x86.ActiveCfg = Debug|Any CPU
		{17958055-EDDB-4963-9344-A4CCC5661AFE}.Debug|x86.Build.0 = Debug|Any CPU
		{17958055-EDDB-4963-9344-A4CCC5661AFE}.Debug|x86.Deploy.0 = Debug|Any CPU
		{17958055-EDDB-4963-9344-A4CCC5661AFE}.Release|Any CPU.ActiveCfg = Release|Any CPU
		{17958055-EDDB-4963-9344-A4CCC5661AFE}.Release|Any CPU.Build.0 = Release|Any CPU
		{17958055-EDDB-4963-9344-A4CCC5661AFE}.Release|Any CPU.Deploy.0 = Release|Any CPU
		{17958055-EDDB-4963-9344-A4CCC5661AFE}.Release|ARM.ActiveCfg = Release|Any CPU
		{17958055-EDDB-4963-9344-A4CCC5661AFE}.Release|ARM.Build.0 = Release|Any CPU
		{17958055-EDDB-4963-9344-A4CCC5661AFE}.Release|ARM.Deploy.0 = Release|Any CPU
		{17958055-EDDB-4963-9344-A4CCC5661AFE}.Release|iPhone.ActiveCfg = Release|Any CPU
		{17958055-EDDB-4963-9344-A4CCC5661AFE}.Release|iPhone.Build.0 = Release|Any CPU
		{17958055-EDDB-4963-9344-A4CCC5661AFE}.Release|iPhone.Deploy.0 = Release|Any CPU
		{17958055-EDDB-4963-9344-A4CCC5661AFE}.Release|iPhoneSimulator.ActiveCfg = Release|Any CPU
		{17958055-EDDB-4963-9344-A4CCC5661AFE}.Release|iPhoneSimulator.Build.0 = Release|Any CPU
		{17958055-EDDB-4963-9344-A4CCC5661AFE}.Release|iPhoneSimulator.Deploy.0 = Release|Any CPU
		{17958055-EDDB-4963-9344-A4CCC5661AFE}.Release|x64.ActiveCfg = Release|Any CPU
		{17958055-EDDB-4963-9344-A4CCC5661AFE}.Release|x64.Build.0 = Release|Any CPU
		{17958055-EDDB-4963-9344-A4CCC5661AFE}.Release|x64.Deploy.0 = Release|Any CPU
		{17958055-EDDB-4963-9344-A4CCC5661AFE}.Release|x86.ActiveCfg = Release|Any CPU
		{17958055-EDDB-4963-9344-A4CCC5661AFE}.Release|x86.Build.0 = Release|Any CPU
		{17958055-EDDB-4963-9344-A4CCC5661AFE}.Release|x86.Deploy.0 = Release|Any CPU
		{E87D737D-1C71-4FCC-93E8-5A0231B806A1}.Debug|Any CPU.ActiveCfg = Debug|iPhone
		{E87D737D-1C71-4FCC-93E8-5A0231B806A1}.Debug|ARM.ActiveCfg = Debug|iPhone
		{E87D737D-1C71-4FCC-93E8-5A0231B806A1}.Debug|iPhone.ActiveCfg = Debug|iPhone
		{E87D737D-1C71-4FCC-93E8-5A0231B806A1}.Debug|iPhone.Build.0 = Debug|iPhone
		{E87D737D-1C71-4FCC-93E8-5A0231B806A1}.Debug|iPhoneSimulator.ActiveCfg = Debug|iPhoneSimulator
		{E87D737D-1C71-4FCC-93E8-5A0231B806A1}.Debug|iPhoneSimulator.Build.0 = Debug|iPhoneSimulator
		{E87D737D-1C71-4FCC-93E8-5A0231B806A1}.Debug|x64.ActiveCfg = Debug|iPhone
		{E87D737D-1C71-4FCC-93E8-5A0231B806A1}.Debug|x86.ActiveCfg = Debug|iPhone
		{E87D737D-1C71-4FCC-93E8-5A0231B806A1}.Release|Any CPU.ActiveCfg = Release|iPhone
		{E87D737D-1C71-4FCC-93E8-5A0231B806A1}.Release|ARM.ActiveCfg = Release|iPhone
		{E87D737D-1C71-4FCC-93E8-5A0231B806A1}.Release|iPhone.ActiveCfg = Release|iPhone
		{E87D737D-1C71-4FCC-93E8-5A0231B806A1}.Release|iPhone.Build.0 = Release|iPhone
		{E87D737D-1C71-4FCC-93E8-5A0231B806A1}.Release|iPhoneSimulator.ActiveCfg = Release|iPhoneSimulator
		{E87D737D-1C71-4FCC-93E8-5A0231B806A1}.Release|iPhoneSimulator.Build.0 = Release|iPhoneSimulator
		{E87D737D-1C71-4FCC-93E8-5A0231B806A1}.Release|x64.ActiveCfg = Release|iPhone
		{E87D737D-1C71-4FCC-93E8-5A0231B806A1}.Release|x86.ActiveCfg = Release|iPhone
		{89E2EE57-DD94-4DEC-A2CE-2A45F19E3859}.Debug|Any CPU.ActiveCfg = Debug|Any CPU
		{89E2EE57-DD94-4DEC-A2CE-2A45F19E3859}.Debug|Any CPU.Build.0 = Debug|Any CPU
		{89E2EE57-DD94-4DEC-A2CE-2A45F19E3859}.Debug|ARM.ActiveCfg = Debug|Any CPU
		{89E2EE57-DD94-4DEC-A2CE-2A45F19E3859}.Debug|ARM.Build.0 = Debug|Any CPU
		{89E2EE57-DD94-4DEC-A2CE-2A45F19E3859}.Debug|iPhone.ActiveCfg = Debug|Any CPU
		{89E2EE57-DD94-4DEC-A2CE-2A45F19E3859}.Debug|iPhone.Build.0 = Debug|Any CPU
		{89E2EE57-DD94-4DEC-A2CE-2A45F19E3859}.Debug|iPhoneSimulator.ActiveCfg = Debug|Any CPU
		{89E2EE57-DD94-4DEC-A2CE-2A45F19E3859}.Debug|iPhoneSimulator.Build.0 = Debug|Any CPU
		{89E2EE57-DD94-4DEC-A2CE-2A45F19E3859}.Debug|x64.ActiveCfg = Debug|Any CPU
		{89E2EE57-DD94-4DEC-A2CE-2A45F19E3859}.Debug|x64.Build.0 = Debug|Any CPU
		{89E2EE57-DD94-4DEC-A2CE-2A45F19E3859}.Debug|x86.ActiveCfg = Debug|Any CPU
		{89E2EE57-DD94-4DEC-A2CE-2A45F19E3859}.Debug|x86.Build.0 = Debug|Any CPU
		{89E2EE57-DD94-4DEC-A2CE-2A45F19E3859}.Release|Any CPU.ActiveCfg = Release|Any CPU
		{89E2EE57-DD94-4DEC-A2CE-2A45F19E3859}.Release|Any CPU.Build.0 = Release|Any CPU
		{89E2EE57-DD94-4DEC-A2CE-2A45F19E3859}.Release|ARM.ActiveCfg = Release|Any CPU
		{89E2EE57-DD94-4DEC-A2CE-2A45F19E3859}.Release|ARM.Build.0 = Release|Any CPU
		{89E2EE57-DD94-4DEC-A2CE-2A45F19E3859}.Release|iPhone.ActiveCfg = Release|Any CPU
		{89E2EE57-DD94-4DEC-A2CE-2A45F19E3859}.Release|iPhone.Build.0 = Release|Any CPU
		{89E2EE57-DD94-4DEC-A2CE-2A45F19E3859}.Release|iPhoneSimulator.ActiveCfg = Release|Any CPU
		{89E2EE57-DD94-4DEC-A2CE-2A45F19E3859}.Release|iPhoneSimulator.Build.0 = Release|Any CPU
		{89E2EE57-DD94-4DEC-A2CE-2A45F19E3859}.Release|x64.ActiveCfg = Release|Any CPU
		{89E2EE57-DD94-4DEC-A2CE-2A45F19E3859}.Release|x64.Build.0 = Release|Any CPU
		{89E2EE57-DD94-4DEC-A2CE-2A45F19E3859}.Release|x86.ActiveCfg = Release|Any CPU
		{89E2EE57-DD94-4DEC-A2CE-2A45F19E3859}.Release|x86.Build.0 = Release|Any CPU
		{8ECEFA9C-8E77-4345-8740-336B42763B63}.Debug|Any CPU.ActiveCfg = Debug|Any CPU
		{8ECEFA9C-8E77-4345-8740-336B42763B63}.Debug|Any CPU.Build.0 = Debug|Any CPU
		{8ECEFA9C-8E77-4345-8740-336B42763B63}.Debug|ARM.ActiveCfg = Debug|Any CPU
		{8ECEFA9C-8E77-4345-8740-336B42763B63}.Debug|ARM.Build.0 = Debug|Any CPU
		{8ECEFA9C-8E77-4345-8740-336B42763B63}.Debug|iPhone.ActiveCfg = Debug|Any CPU
		{8ECEFA9C-8E77-4345-8740-336B42763B63}.Debug|iPhone.Build.0 = Debug|Any CPU
		{8ECEFA9C-8E77-4345-8740-336B42763B63}.Debug|iPhoneSimulator.ActiveCfg = Debug|Any CPU
		{8ECEFA9C-8E77-4345-8740-336B42763B63}.Debug|iPhoneSimulator.Build.0 = Debug|Any CPU
		{8ECEFA9C-8E77-4345-8740-336B42763B63}.Debug|x64.ActiveCfg = Debug|Any CPU
		{8ECEFA9C-8E77-4345-8740-336B42763B63}.Debug|x64.Build.0 = Debug|Any CPU
		{8ECEFA9C-8E77-4345-8740-336B42763B63}.Debug|x86.ActiveCfg = Debug|Any CPU
		{8ECEFA9C-8E77-4345-8740-336B42763B63}.Debug|x86.Build.0 = Debug|Any CPU
		{8ECEFA9C-8E77-4345-8740-336B42763B63}.Release|Any CPU.ActiveCfg = Release|Any CPU
		{8ECEFA9C-8E77-4345-8740-336B42763B63}.Release|Any CPU.Build.0 = Release|Any CPU
		{8ECEFA9C-8E77-4345-8740-336B42763B63}.Release|ARM.ActiveCfg = Release|Any CPU
		{8ECEFA9C-8E77-4345-8740-336B42763B63}.Release|ARM.Build.0 = Release|Any CPU
		{8ECEFA9C-8E77-4345-8740-336B42763B63}.Release|iPhone.ActiveCfg = Release|Any CPU
		{8ECEFA9C-8E77-4345-8740-336B42763B63}.Release|iPhone.Build.0 = Release|Any CPU
		{8ECEFA9C-8E77-4345-8740-336B42763B63}.Release|iPhoneSimulator.ActiveCfg = Release|Any CPU
		{8ECEFA9C-8E77-4345-8740-336B42763B63}.Release|iPhoneSimulator.Build.0 = Release|Any CPU
		{8ECEFA9C-8E77-4345-8740-336B42763B63}.Release|x64.ActiveCfg = Release|Any CPU
		{8ECEFA9C-8E77-4345-8740-336B42763B63}.Release|x64.Build.0 = Release|Any CPU
		{8ECEFA9C-8E77-4345-8740-336B42763B63}.Release|x86.ActiveCfg = Release|Any CPU
		{8ECEFA9C-8E77-4345-8740-336B42763B63}.Release|x86.Build.0 = Release|Any CPU
	EndGlobalSection
	GlobalSection(SolutionProperties) = preSolution
		HideSolutionNode = FALSE
	EndGlobalSection
	GlobalSection(NestedProjects) = preSolution
		{43C76097-F4F1-4FB2-802F-BD363595FA81} = {55485DA1-CACD-44FC-8AD8-FDE070FC9418}
		{738600A8-09CC-457E-9F5D-9E72D3958584} = {55485DA1-CACD-44FC-8AD8-FDE070FC9418}
		{9CBBAFF5-B4D7-455C-B6AB-E73B912781FD} = {738600A8-09CC-457E-9F5D-9E72D3958584}
		{17958055-EDDB-4963-9344-A4CCC5661AFE} = {738600A8-09CC-457E-9F5D-9E72D3958584}
		{E87D737D-1C71-4FCC-93E8-5A0231B806A1} = {738600A8-09CC-457E-9F5D-9E72D3958584}
		{89E2EE57-DD94-4DEC-A2CE-2A45F19E3859} = {738600A8-09CC-457E-9F5D-9E72D3958584}
	EndGlobalSection
	GlobalSection(ExtensibilityGlobals) = postSolution
		SolutionGuid = {A5463707-97EE-4F98-B03C-5AD15A02EF4B}
	EndGlobalSection
EndGlobal
