
Microsoft Visual Studio Solution File, Format Version 12.00
# Visual Studio Version 16
VisualStudioVersion = 16.0.29609.76
MinimumVisualStudioVersion = 10.0.40219.1
Project("{9A19103F-16F7-4668-BE54-9A1E7A4F7556}") = "Rent_a_Car.WebAPI", "Rent_a_Car.WebAPI\Rent_a_Car.WebAPI.csproj", "{CDE41DB3-322C-40A5-9C09-CE9966A403E4}"
EndProject
Project("{FAE04EC0-301F-11D3-BF4B-00C04F79EFBC}") = "RentaCar.Data", "RentaCar.Data\RentaCar.Data.csproj", "{2C5B3E7E-8457-4A4A-BD89-F79E934A7B2C}"
EndProject
Global
	GlobalSection(SolutionConfigurationPlatforms) = preSolution
		Debug|Any CPU = Debug|Any CPU
		Release|Any CPU = Release|Any CPU
	EndGlobalSection
	GlobalSection(ProjectConfigurationPlatforms) = postSolution
		{CDE41DB3-322C-40A5-9C09-CE9966A403E4}.Debug|Any CPU.ActiveCfg = Debug|Any CPU
		{CDE41DB3-322C-40A5-9C09-CE9966A403E4}.Debug|Any CPU.Build.0 = Debug|Any CPU
		{CDE41DB3-322C-40A5-9C09-CE9966A403E4}.Release|Any CPU.ActiveCfg = Release|Any CPU
		{CDE41DB3-322C-40A5-9C09-CE9966A403E4}.Release|Any CPU.Build.0 = Release|Any CPU
		{2C5B3E7E-8457-4A4A-BD89-F79E934A7B2C}.Debug|Any CPU.ActiveCfg = Debug|Any CPU
		{2C5B3E7E-8457-4A4A-BD89-F79E934A7B2C}.Debug|Any CPU.Build.0 = Debug|Any CPU
		{2C5B3E7E-8457-4A4A-BD89-F79E934A7B2C}.Release|Any CPU.ActiveCfg = Release|Any CPU
		{2C5B3E7E-8457-4A4A-BD89-F79E934A7B2C}.Release|Any CPU.Build.0 = Release|Any CPU
	EndGlobalSection
	GlobalSection(SolutionProperties) = preSolution
		HideSolutionNode = FALSE
	EndGlobalSection
	GlobalSection(ExtensibilityGlobals) = postSolution
		SolutionGuid = {A5463707-97EE-4F98-B03C-5AD15A02EF4B}
	EndGlobalSection
EndGlobal
